
Microsoft Visual Studio Solution File, Format Version 12.00
# Visual Studio Version 17
VisualStudioVersion = 17.14.36203.30 d17.14
MinimumVisualStudioVersion = 10.0.40219.1
Project("{FAE04EC0-301F-11D3-BF4B-00C04F79EFBC}") = "ChessLogic", "ChessLogic\ChessLogic.csproj", "{2EF24361-4E45-4D83-9DAF-95B23F3C4276}"
EndProject
Project("{FAE04EC0-301F-11D3-BF4B-00C04F79EFBC}") = "ChessUI", "ChessUI\ChessUI.csproj", "{D879BB5C-C4BC-4D28-94B3-058100222C77}"
EndProject
Global
	GlobalSection(SolutionConfigurationPlatforms) = preSolution
		Debug|Any CPU = Debug|Any CPU
		Release|Any CPU = Release|Any CPU
	EndGlobalSection
	GlobalSection(ProjectConfigurationPlatforms) = postSolution
		{2EF24361-4E45-4D83-9DAF-95B23F3C4276}.Debug|Any CPU.ActiveCfg = Debug|Any CPU
		{2EF24361-4E45-4D83-9DAF-95B23F3C4276}.Debug|Any CPU.Build.0 = Debug|Any CPU
		{2EF24361-4E45-4D83-9DAF-95B23F3C4276}.Release|Any CPU.ActiveCfg = Release|Any CPU
		{2EF24361-4E45-4D83-9DAF-95B23F3C4276}.Release|Any CPU.Build.0 = Release|Any CPU
		{D879BB5C-C4BC-4D28-94B3-058100222C77}.Debug|Any CPU.ActiveCfg = Debug|Any CPU
		{D879BB5C-C4BC-4D28-94B3-058100222C77}.Debug|Any CPU.Build.0 = Debug|Any CPU
		{D879BB5C-C4BC-4D28-94B3-058100222C77}.Release|Any CPU.ActiveCfg = Release|Any CPU
		{D879BB5C-C4BC-4D28-94B3-058100222C77}.Release|Any CPU.Build.0 = Release|Any CPU
	EndGlobalSection
	GlobalSection(SolutionProperties) = preSolution
		HideSolutionNode = FALSE
	EndGlobalSection
	GlobalSection(ExtensibilityGlobals) = postSolution
		SolutionGuid = {EA45DD5C-8EEA-4BA7-A896-C1C80804DEEC}
	EndGlobalSection
EndGlobal
